{
  "version": 4,
  "terraform_version": "0.12.5",
  "serial": 572,
  "lineage": "cb0fb151-8dc2-00e0-b68e-fe1a743b4210",
  "outputs": {
    "alb_hostname": {
      "value": "test-lb-192723824.us-east-1.elb.amazonaws.com",
      "type": "string"
    }
  },
  "resources": [
    {
      "mode": "data",
      "type": "template_file",
      "name": "nginx",
      "provider": "provider.template",
      "instances": [
        {
          "schema_version": 0,
          "attributes": {
            "filename": null,
            "id": "4d20b3f4dc379fac0a13bb3994148f1bd4a6a689df1fd3a3ab1f8ab0ed105d36",
            "rendered": "[\n  {\n    \"name\": \"nginx\",\n    \"image\": \"nginx:latest\",\n    \"instance_type\" : \"m5.large\",\n    \"aws_ami\" : \"ami-0fac5486e4cff37f4\",\n #  \"aws_ebs_volume\" : \"22\",\n    \"aws_key_pair\"  : \"nandhu\",\n    \"cpu\": 1024,\n    \"memory\": 800,\n    \"networkMode\": \"bridge\",\n    \"logConfiguration\": {\n        \"logDriver\": \"awslogs\",\n        \"options\": {\n          \"awslogs-group\": \"/test-app\",\n          \"awslogs-region\": \"us-east-1\",\n          \"awslogs-stream-prefix\": \"ecs\"\n        }\n    },\n    \n     \"essentials\": true,\n     \"cpu\" : 1024,\n    \"portMappings\": [\n      {\n        \"containerPort\": 80,\n        \"hostPort\": 0\n      }\n    ]\n  }\n]\n\n\n\n",
            "template": "[\n  {\n    \"name\": \"nginx\",\n    \"image\": \"${app_image}\",\n    \"instance_type\" : \"${instance_type}\",\n    \"aws_ami\" : \"${ami_id}\",\n #  \"aws_ebs_volume\" : \"${volume}\",\n    \"aws_key_pair\"  : \"${key-pair}\",\n    \"cpu\": ${ec2_cpu},\n    \"memory\": ${ec2_memory},\n    \"networkMode\": \"bridge\",\n    \"logConfiguration\": {\n        \"logDriver\": \"awslogs\",\n        \"options\": {\n          \"awslogs-group\": \"/test-app\",\n          \"awslogs-region\": \"${aws_region}\",\n          \"awslogs-stream-prefix\": \"ecs\"\n        }\n    },\n    \n     \"essentials\": true,\n     \"cpu\" : 1024,\n    \"portMappings\": [\n      {\n        \"containerPort\": 80,\n        \"hostPort\": 0\n      }\n    ]\n  }\n]\n\n\n\n",
            "vars": {
              "ami_id": "ami-0fac5486e4cff37f4",
              "app_image": "nginx:latest",
              "app_port": "80",
              "aws_region": "us-east-1",
              "ec2_cpu": "1024",
              "ec2_memory": "800",
              "instance_type": "m5.large",
              "key-pair": "nandhu",
              "volume": "22"
            }
          }
        }
      ]
    },
    {
      "mode": "managed",
      "type": "aws_alb",
      "name": "main",
      "provider": "provider.aws",
      "instances": [
        {
          "schema_version": 0,
          "attributes": {
            "access_logs": [
              {
                "bucket": "",
                "enabled": false,
                "prefix": ""
              }
            ],
            "arn": "arn:aws:elasticloadbalancing:us-east-1:164883864750:loadbalancer/app/test-lb/505b6e30de3a14bf",
            "arn_suffix": "app/test-lb/505b6e30de3a14bf",
            "dns_name": "test-lb-192723824.us-east-1.elb.amazonaws.com",
            "enable_cross_zone_load_balancing": null,
            "enable_deletion_protection": false,
            "enable_http2": true,
            "id": "arn:aws:elasticloadbalancing:us-east-1:164883864750:loadbalancer/app/test-lb/505b6e30de3a14bf",
            "idle_timeout": 60,
            "internal": false,
            "ip_address_type": "ipv4",
            "load_balancer_type": "application",
            "name": "test-lb",
            "name_prefix": null,
            "security_groups": [
              "sg-043d93890c94ab282"
            ],
            "subnet_mapping": [
              {
                "allocation_id": "",
                "subnet_id": "subnet-06b99945ef26fe0b2"
              },
              {
                "allocation_id": "",
                "subnet_id": "subnet-0909bbfbe713b8670"
              }
            ],
            "subnets": [
              "subnet-06b99945ef26fe0b2",
              "subnet-0909bbfbe713b8670"
            ],
            "tags": {},
            "timeouts": null,
            "vpc_id": "vpc-02e381e045f52065b",
            "zone_id": "Z35SXDOTRQ7X7K"
          },
          "private": "eyJlMmJmYjczMC1lY2FhLTExZTYtOGY4OC0zNDM2M2JjN2M0YzAiOnsiY3JlYXRlIjo2MDAwMDAwMDAwMDAsImRlbGV0ZSI6NjAwMDAwMDAwMDAwLCJ1cGRhdGUiOjYwMDAwMDAwMDAwMH19"
        }
      ]
    },
    {
      "mode": "managed",
      "type": "aws_alb_listener",
      "name": "alb_listener",
      "provider": "provider.aws",
      "instances": [
        {
          "schema_version": 0,
          "attributes": {
            "arn": "arn:aws:elasticloadbalancing:us-east-1:164883864750:listener/app/test-lb/505b6e30de3a14bf/1326d57c21513777",
            "certificate_arn": null,
            "default_action": [
              {
                "authenticate_cognito": [],
                "authenticate_oidc": [],
                "fixed_response": [],
                "order": 1,
                "redirect": [],
                "target_group_arn": "arn:aws:elasticloadbalancing:us-east-1:164883864750:targetgroup/test-tg/cae72b8307f1a69b",
                "type": "forward"
              }
            ],
            "id": "arn:aws:elasticloadbalancing:us-east-1:164883864750:listener/app/test-lb/505b6e30de3a14bf/1326d57c21513777",
            "load_balancer_arn": "arn:aws:elasticloadbalancing:us-east-1:164883864750:loadbalancer/app/test-lb/505b6e30de3a14bf",
            "port": 80,
            "protocol": "HTTP",
            "ssl_policy": "",
            "timeouts": null
          },
          "private": "eyJlMmJmYjczMC1lY2FhLTExZTYtOGY4OC0zNDM2M2JjN2M0YzAiOnsicmVhZCI6NjAwMDAwMDAwMDAwfX0=",
          "depends_on": [
            "aws_alb.main",
            "aws_alb_target_group.target_group"
          ]
        }
      ]
    },
    {
      "mode": "managed",
      "type": "aws_alb_target_group",
      "name": "target_group",
      "provider": "provider.aws",
      "instances": [
        {
          "schema_version": 0,
          "attributes": {
            "arn": "arn:aws:elasticloadbalancing:us-east-1:164883864750:targetgroup/test-tg/cae72b8307f1a69b",
            "arn_suffix": "targetgroup/test-tg/cae72b8307f1a69b",
            "deregistration_delay": 300,
            "health_check": [
              {
                "enabled": true,
                "healthy_threshold": 5,
                "interval": 30,
                "matcher": "200",
                "path": "/",
                "port": "traffic-port",
                "protocol": "HTTP",
                "timeout": 3,
                "unhealthy_threshold": 2
              }
            ],
            "id": "arn:aws:elasticloadbalancing:us-east-1:164883864750:targetgroup/test-tg/cae72b8307f1a69b",
            "lambda_multi_value_headers_enabled": false,
            "name": "test-tg",
            "name_prefix": null,
            "port": 80,
            "protocol": "HTTP",
            "proxy_protocol_v2": false,
            "slow_start": 0,
            "stickiness": [
              {
                "cookie_duration": 86400,
                "enabled": false,
                "type": "lb_cookie"
              }
            ],
            "tags": {},
            "target_type": "instance",
            "vpc_id": "vpc-02e381e045f52065b"
          },
          "private": "bnVsbA=="
        }
      ]
    },
    {
      "mode": "managed",
      "type": "aws_autoscaling_group",
      "name": "ecs-asg",
      "provider": "provider.aws",
      "instances": [
        {
          "schema_version": 0,
          "attributes": {
            "arn": "arn:aws:autoscaling:us-east-1:164883864750:autoScalingGroup:bcc24898-e79c-4c66-80dc-1daf21e131ad:autoScalingGroupName/Gallant",
            "availability_zones": [
              "us-east-1a",
              "us-east-1b"
            ],
            "default_cooldown": 300,
            "desired_capacity": 2,
            "enabled_metrics": [],
            "force_delete": false,
            "health_check_grace_period": 300,
            "health_check_type": "EC2",
            "id": "Gallant",
            "initial_lifecycle_hook": [],
            "launch_configuration": "Gallant20190731064258610600000001",
            "launch_template": [],
            "load_balancers": [],
            "max_size": 6,
            "metrics_granularity": "1Minute",
            "min_elb_capacity": null,
            "min_size": 2,
            "mixed_instances_policy": [],
            "name": "Gallant",
            "name_prefix": null,
            "placement_group": "",
            "protect_from_scale_in": false,
            "service_linked_role_arn": "arn:aws:iam::164883864750:role/aws-service-role/autoscaling.amazonaws.com/AWSServiceRoleForAutoScaling",
            "suspended_processes": [],
            "tag": [
              {
                "key": "Env",
                "propagate_at_launch": true,
                "value": "AG"
              },
              {
                "key": "Name",
                "propagate_at_launch": true,
                "value": "ECS Gallant"
              }
            ],
            "tags": null,
            "target_group_arns": [],
            "termination_policies": [],
            "timeouts": null,
            "vpc_zone_identifier": [
              "subnet-06b99945ef26fe0b2",
              "subnet-0909bbfbe713b8670"
            ],
            "wait_for_capacity_timeout": "10m",
            "wait_for_elb_capacity": null
          },
          "private": "eyJlMmJmYjczMC1lY2FhLTExZTYtOGY4OC0zNDM2M2JjN2M0YzAiOnsiZGVsZXRlIjo2MDAwMDAwMDAwMDB9fQ==",
          "depends_on": [
            "aws_ecs_cluster.main",
            "aws_launch_configuration.ecs-asg-conf"
          ]
        }
      ]
    },
    {
      "mode": "managed",
      "type": "aws_ecs_cluster",
      "name": "main",
      "provider": "provider.aws",
      "instances": [
        {
          "schema_version": 0,
          "attributes": {
            "arn": "arn:aws:ecs:us-east-1:164883864750:cluster/Gallant",
            "id": "arn:aws:ecs:us-east-1:164883864750:cluster/Gallant",
            "name": "Gallant",
            "tags": {}
          },
          "private": "bnVsbA=="
        }
      ]
    },
    {
      "mode": "managed",
      "type": "aws_ecs_service",
      "name": "main",
      "provider": "provider.aws",
      "instances": [
        {
          "schema_version": 0,
          "attributes": {
            "cluster": "arn:aws:ecs:us-east-1:164883864750:cluster/Gallant",
            "deployment_controller": [
              {
                "type": "ECS"
              }
            ],
            "deployment_maximum_percent": 200,
            "deployment_minimum_healthy_percent": 100,
            "desired_count": 2,
            "enable_ecs_managed_tags": false,
            "health_check_grace_period_seconds": 0,
            "iam_role": "aws-service-role",
            "id": "arn:aws:ecs:us-east-1:164883864750:service/Gallant/nginx-123",
            "launch_type": "EC2",
            "load_balancer": [
              {
                "container_name": "Gallant-task",
                "container_port": 80,
                "elb_name": "",
                "target_group_arn": "arn:aws:elasticloadbalancing:us-east-1:164883864750:targetgroup/test-tg/cae72b8307f1a69b"
              }
            ],
            "name": "nginx-123",
            "network_configuration": [],
            "ordered_placement_strategy": [],
            "placement_constraints": [
              {
                "expression": "attribute:ecs.availability-zone in [us-east-1a, us-east-1b]",
                "type": "memberOf"
              }
            ],
            "placement_strategy": [],
            "platform_version": "",
            "propagate_tags": "NONE",
            "scheduling_strategy": "REPLICA",
            "service_registries": [],
            "tags": null,
            "task_definition": "arn:aws:ecs:us-east-1:164883864750:task-definition/nginx:20"
          },
          "private": "bnVsbA==",
          "depends_on": [
            "aws_alb_listener.alb_listener",
            "aws_alb_target_group.target_group",
            "aws_ecs_cluster.main",
            "aws_ecs_task_definition.nginx"
          ]
        }
      ]
    },
    {
      "mode": "managed",
      "type": "aws_ecs_task_definition",
      "name": "nginx",
      "provider": "provider.aws",
      "instances": [
        {
          "schema_version": 1,
          "attributes": {
            "arn": "arn:aws:ecs:us-east-1:164883864750:task-definition/nginx:20",
            "container_definitions": "[{\"command\":[],\"cpu\":128,\"entryPoint\":[],\"environment\":[],\"essential\":true,\"image\":\"nginx:latest\",\"links\":[],\"memory\":512,\"mountPoints\":[],\"name\":\"Gallant-task\",\"portMappings\":[{\"containerPort\":80,\"hostPort\":0,\"protocol\":\"tcp\"}],\"volumesFrom\":[]}]",
            "cpu": "1024",
            "execution_role_arn": "",
            "family": "nginx",
            "id": "nginx",
            "ipc_mode": null,
            "memory": "800",
            "network_mode": "bridge",
            "pid_mode": null,
            "placement_constraints": [],
            "proxy_configuration": [],
            "requires_compatibilities": [
              "EC2"
            ],
            "revision": 20,
            "tags": null,
            "task_role_arn": "",
            "volume": [
              {
                "docker_volume_configuration": [],
                "host_path": "",
                "name": "service-storage"
              }
            ]
          },
          "private": "eyJzY2hlbWFfdmVyc2lvbiI6IjEifQ=="
        }
      ]
    },
    {
      "mode": "managed",
      "type": "aws_iam_instance_profile",
      "name": "ecs",
      "provider": "provider.aws",
      "instances": [
        {
          "schema_version": 0,
          "attributes": {
            "arn": "arn:aws:iam::164883864750:instance-profile/ecs-service-nginx-2-role-iam",
            "create_date": "2019-07-31T06:43:00Z",
            "id": "ecs-service-nginx-2-role-iam",
            "name": "ecs-service-nginx-2-role-iam",
            "name_prefix": null,
            "path": "/",
            "role": "ecs-service-nginx-2-role",
            "roles": [
              "ecs-service-nginx-2-role"
            ],
            "unique_id": "AIPASMY6YDSXIOSKPVUHZ"
          },
          "private": "bnVsbA==",
          "depends_on": [
            "aws_iam_role.ecs_service_role"
          ]
        }
      ]
    },
    {
      "mode": "managed",
      "type": "aws_iam_role",
      "name": "ecs_service_role",
      "provider": "provider.aws",
      "instances": [
        {
          "schema_version": 0,
          "attributes": {
            "arn": "arn:aws:iam::164883864750:role/ecs-service-nginx-2-role",
            "assume_role_policy": "{\"Version\":\"2008-10-17\",\"Statement\":[{\"Effect\":\"Allow\",\"Principal\":{\"Service\":[\"ec2.amazonaws.com\",\"ecs.amazonaws.com\"]},\"Action\":\"sts:AssumeRole\"}]}",
            "create_date": "2019-07-31T06:42:58Z",
            "description": "",
            "force_detach_policies": false,
            "id": "ecs-service-nginx-2-role",
            "max_session_duration": 3600,
            "name": "ecs-service-nginx-2-role",
            "name_prefix": null,
            "path": "/",
            "permissions_boundary": null,
            "tags": {},
            "unique_id": "AROASMY6YDSXEBVITLU7H"
          },
          "private": "bnVsbA=="
        }
      ]
    },
    {
      "mode": "managed",
      "type": "aws_iam_role_policy",
      "name": "ecs_service_role_policy",
      "provider": "provider.aws",
      "instances": [
        {
          "schema_version": 0,
          "attributes": {
            "id": "ecs-service-nginx-2-role:ecs-service-nginx-2-role_policy",
            "name": "ecs-service-nginx-2-role_policy",
            "name_prefix": null,
            "policy": "{\n  \"Version\": \"2012-10-17\",\n  \"Statement\": [\n    {\n      \"Effect\": \"Allow\",\n      \"Action\": [\n        \"elasticloadbalancing:Describe*\",\n        \"elasticloadbalancing:DeregisterInstancesFromLoadBalancer\",\n        \"elasticloadbalancing:RegisterInstancesWithLoadBalancer\",\n        \"ec2:Describe*\",\n        \"ec2:AuthorizeSecurityGroupIngress\"\n      ],\n      \"Resource\": [\n        \"*\"\n      ]\n    }\n  ]\n}\n",
            "role": "ecs-service-nginx-2-role"
          },
          "private": "bnVsbA==",
          "depends_on": [
            "aws_iam_role.ecs_service_role"
          ]
        }
      ]
    },
    {
      "mode": "managed",
      "type": "aws_launch_configuration",
      "name": "ecs-asg-conf",
      "provider": "provider.aws",
      "instances": [
        {
          "schema_version": 0,
          "attributes": {
            "associate_public_ip_address": false,
            "ebs_block_device": [],
            "ebs_optimized": false,
            "enable_monitoring": true,
            "ephemeral_block_device": [],
            "iam_instance_profile": "ecsInstanceRole",
            "id": "Gallant20190731064258610600000001",
            "image_id": "ami-0fac5486e4cff37f4",
            "instance_type": "m5.large",
            "key_name": "nandhu",
            "name": "Gallant20190731064258610600000001",
            "name_prefix": "Gallant",
            "placement_tenancy": null,
            "root_block_device": [],
            "security_groups": [
              "sg-043d93890c94ab282"
            ],
            "spot_price": "",
            "user_data": "7ee4f9125dd81b5856c8b3f03d7adda9f7bf17f3",
            "user_data_base64": null,
            "vpc_classic_link_id": "",
            "vpc_classic_link_security_groups": []
          },
          "private": "bnVsbA=="
        }
      ]
    }
  ]
}
